
Microsoft Visual Studio Solution File, Format Version 12.00
Project("{FAE04EC0-301F-11D3-BF4B-00C04F79EFBC}") = "AernauticaImperialis", "AernauticaImperialis\AernauticaImperialis.csproj", "{6DF718DE-5F51-4D9D-87DA-0895C8A14E5C}"
EndProject
Global
	GlobalSection(SolutionConfigurationPlatforms) = preSolution
		Debug|Any CPU = Debug|Any CPU
		Release|Any CPU = Release|Any CPU
	EndGlobalSection
	GlobalSection(ProjectConfigurationPlatforms) = postSolution
		{6DF718DE-5F51-4D9D-87DA-0895C8A14E5C}.Debug|Any CPU.ActiveCfg = Debug|Any CPU
		{6DF718DE-5F51-4D9D-87DA-0895C8A14E5C}.Debug|Any CPU.Build.0 = Debug|Any CPU
		{6DF718DE-5F51-4D9D-87DA-0895C8A14E5C}.Release|Any CPU.ActiveCfg = Release|Any CPU
		{6DF718DE-5F51-4D9D-87DA-0895C8A14E5C}.Release|Any CPU.Build.0 = Release|Any CPU
	EndGlobalSection
EndGlobal
